// !$*UTF8*$!
{
	archiveVersion = 1;
	classes = {
	};
	objectVersion = 56;
	objects = {

/* Begin PBXBuildFile section */
		4C2ECC4C2C6AD6CA000D3C2B /* RealityKitContent in Frameworks */ = {isa = PBXBuildFile; productRef = 4C2ECC4B2C6AD6CA000D3C2B /* RealityKitContent */; };
		4C2ECC4E2C6AD6CA000D3C2B /* ViewModifierApp.swift in Sources */ = {isa = PBXBuildFile; fileRef = 4C2ECC4D2C6AD6CA000D3C2B /* ViewModifierApp.swift */; };
		4C2ECC502C6AD6CA000D3C2B /* ContentView.swift in Sources */ = {isa = PBXBuildFile; fileRef = 4C2ECC4F2C6AD6CA000D3C2B /* ContentView.swift */; };
		4C2ECC522C6AD6CB000D3C2B /* Assets.xcassets in Resources */ = {isa = PBXBuildFile; fileRef = 4C2ECC512C6AD6CB000D3C2B /* Assets.xcassets */; };
		4C2ECC552C6AD6CB000D3C2B /* Preview Assets.xcassets in Resources */ = {isa = PBXBuildFile; fileRef = 4C2ECC542C6AD6CB000D3C2B /* Preview Assets.xcassets */; };
		4C2ECC5D2C6AD72A000D3C2B /* Custom_Style_TextField_1.swift in Sources */ = {isa = PBXBuildFile; fileRef = 4C2ECC5C2C6AD72A000D3C2B /* Custom_Style_TextField_1.swift */; };
		4C2ECC612C6AE76A000D3C2B /* Modifier_Test_1.swift in Sources */ = {isa = PBXBuildFile; fileRef = 4C2ECC602C6AE76A000D3C2B /* Modifier_Test_1.swift */; };
		4C2ECC662C6AE7C3000D3C2B /* Modifier-1.swift in Sources */ = {isa = PBXBuildFile; fileRef = 4C2ECC652C6AE7C3000D3C2B /* Modifier-1.swift */; };
/* End PBXBuildFile section */

/* Begin PBXFileReference section */
		4C2ECC462C6AD6CA000D3C2B /* ViewModifier.app */ = {isa = PBXFileReference; explicitFileType = wrapper.application; includeInIndex = 0; path = ViewModifier.app; sourceTree = BUILT_PRODUCTS_DIR; };
		4C2ECC4A2C6AD6CA000D3C2B /* RealityKitContent */ = {isa = PBXFileReference; lastKnownFileType = wrapper; path = RealityKitContent; sourceTree = "<group>"; };
		4C2ECC4D2C6AD6CA000D3C2B /* ViewModifierApp.swift */ = {isa = PBXFileReference; lastKnownFileType = sourcecode.swift; path = ViewModifierApp.swift; sourceTree = "<group>"; };
		4C2ECC4F2C6AD6CA000D3C2B /* ContentView.swift */ = {isa = PBXFileReference; lastKnownFileType = sourcecode.swift; path = ContentView.swift; sourceTree = "<group>"; };
		4C2ECC512C6AD6CB000D3C2B /* Assets.xcassets */ = {isa = PBXFileReference; lastKnownFileType = folder.assetcatalog; path = Assets.xcassets; sourceTree = "<group>"; };
		4C2ECC542C6AD6CB000D3C2B /* Preview Assets.xcassets */ = {isa = PBXFileReference; lastKnownFileType = folder.assetcatalog; path = "Preview Assets.xcassets"; sourceTree = "<group>"; };
		4C2ECC562C6AD6CB000D3C2B /* Info.plist */ = {isa = PBXFileReference; lastKnownFileType = text.plist.xml; path = Info.plist; sourceTree = "<group>"; };
		4C2ECC5C2C6AD72A000D3C2B /* Custom_Style_TextField_1.swift */ = {isa = PBXFileReference; lastKnownFileType = sourcecode.swift; path = Custom_Style_TextField_1.swift; sourceTree = "<group>"; };
		4C2ECC602C6AE76A000D3C2B /* Modifier_Test_1.swift */ = {isa = PBXFileReference; lastKnownFileType = sourcecode.swift; path = Modifier_Test_1.swift; sourceTree = "<group>"; };
		4C2ECC652C6AE7C3000D3C2B /* Modifier-1.swift */ = {isa = PBXFileReference; lastKnownFileType = sourcecode.swift; path = "Modifier-1.swift"; sourceTree = "<group>"; };
/* End PBXFileReference section */

/* Begin PBXFrameworksBuildPhase section */
		4C2ECC432C6AD6CA000D3C2B /* Frameworks */ = {
			isa = PBXFrameworksBuildPhase;
			buildActionMask = 2147483647;
			files = (
				4C2ECC4C2C6AD6CA000D3C2B /* RealityKitContent in Frameworks */,
			);
			runOnlyForDeploymentPostprocessing = 0;
		};
/* End PBXFrameworksBuildPhase section */

/* Begin PBXGroup section */
		4C2ECC3D2C6AD6CA000D3C2B = {
			isa = PBXGroup;
			children = (
				4C2ECC482C6AD6CA000D3C2B /* ViewModifier */,
				4C2ECC492C6AD6CA000D3C2B /* Packages */,
				4C2ECC472C6AD6CA000D3C2B /* Products */,
			);
			sourceTree = "<group>";
		};
		4C2ECC472C6AD6CA000D3C2B /* Products */ = {
			isa = PBXGroup;
			children = (
				4C2ECC462C6AD6CA000D3C2B /* ViewModifier.app */,
			);
			name = Products;
			sourceTree = "<group>";
		};
		4C2ECC482C6AD6CA000D3C2B /* ViewModifier */ = {
			isa = PBXGroup;
			children = (
				4C2ECC642C6AE7B1000D3C2B /* Modifier */,
				4C2ECC632C6AE79E000D3C2B /* Style */,
				4C2ECC4D2C6AD6CA000D3C2B /* ViewModifierApp.swift */,
				4C2ECC622C6AE782000D3C2B /* Views */,
				4C2ECC512C6AD6CB000D3C2B /* Assets.xcassets */,
				4C2ECC562C6AD6CB000D3C2B /* Info.plist */,
				4C2ECC532C6AD6CB000D3C2B /* Preview Content */,
			);
			path = ViewModifier;
			sourceTree = "<group>";
		};
		4C2ECC492C6AD6CA000D3C2B /* Packages */ = {
			isa = PBXGroup;
			children = (
				4C2ECC4A2C6AD6CA000D3C2B /* RealityKitContent */,
			);
			path = Packages;
			sourceTree = "<group>";
		};
		4C2ECC532C6AD6CB000D3C2B /* Preview Content */ = {
			isa = PBXGroup;
			children = (
				4C2ECC542C6AD6CB000D3C2B /* Preview Assets.xcassets */,
			);
			path = "Preview Content";
			sourceTree = "<group>";
		};
		4C2ECC622C6AE782000D3C2B /* Views */ = {
			isa = PBXGroup;
			children = (
				4C2ECC602C6AE76A000D3C2B /* Modifier_Test_1.swift */,
				4C2ECC4F2C6AD6CA000D3C2B /* ContentView.swift */,
			);
			path = Views;
			sourceTree = "<group>";
		};
		4C2ECC632C6AE79E000D3C2B /* Style */ = {
			isa = PBXGroup;
			children = (
				4C2ECC5C2C6AD72A000D3C2B /* Custom_Style_TextField_1.swift */,
			);
			path = Style;
			sourceTree = "<group>";
		};
		4C2ECC642C6AE7B1000D3C2B /* Modifier */ = {
			isa = PBXGroup;
			children = (
				4C2ECC652C6AE7C3000D3C2B /* Modifier-1.swift */,
			);
			path = Modifier;
			sourceTree = "<group>";
		};
/* End PBXGroup section */

/* Begin PBXNativeTarget section */
		4C2ECC452C6AD6CA000D3C2B /* ViewModifier */ = {
			isa = PBXNativeTarget;
			buildConfigurationList = 4C2ECC592C6AD6CB000D3C2B /* Build configuration list for PBXNativeTarget "ViewModifier" */;
			buildPhases = (
				4C2ECC422C6AD6CA000D3C2B /* Sources */,
				4C2ECC432C6AD6CA000D3C2B /* Frameworks */,
				4C2ECC442C6AD6CA000D3C2B /* Resources */,
			);
			buildRules = (
			);
			dependencies = (
			);
			name = ViewModifier;
			packageProductDependencies = (
				4C2ECC4B2C6AD6CA000D3C2B /* RealityKitContent */,
			);
			productName = ViewModifier;
			productReference = 4C2ECC462C6AD6CA000D3C2B /* ViewModifier.app */;
			productType = "com.apple.product-type.application";
		};
/* End PBXNativeTarget section */

/* Begin PBXProject section */
		4C2ECC3E2C6AD6CA000D3C2B /* Project object */ = {
			isa = PBXProject;
			attributes = {
				BuildIndependentTargetsInParallel = 1;
				LastSwiftUpdateCheck = 1540;
				LastUpgradeCheck = 1540;
				TargetAttributes = {
					4C2ECC452C6AD6CA000D3C2B = {
						CreatedOnToolsVersion = 15.4;
					};
				};
			};
			buildConfigurationList = 4C2ECC412C6AD6CA000D3C2B /* Build configuration list for PBXProject "ViewModifier" */;
			compatibilityVersion = "Xcode 14.0";
			developmentRegion = en;
			hasScannedForEncodings = 0;
			knownRegions = (
				en,
				Base,
			);
			mainGroup = 4C2ECC3D2C6AD6CA000D3C2B;
			productRefGroup = 4C2ECC472C6AD6CA000D3C2B /* Products */;
			projectDirPath = "";
			projectRoot = "";
			targets = (
				4C2ECC452C6AD6CA000D3C2B /* ViewModifier */,
			);
		};
/* End PBXProject section */

/* Begin PBXResourcesBuildPhase section */
		4C2ECC442C6AD6CA000D3C2B /* Resources */ = {
			isa = PBXResourcesBuildPhase;
			buildActionMask = 2147483647;
			files = (
				4C2ECC552C6AD6CB000D3C2B /* Preview Assets.xcassets in Resources */,
				4C2ECC522C6AD6CB000D3C2B /* Assets.xcassets in Resources */,
			);
			runOnlyForDeploymentPostprocessing = 0;
		};
/* End PBXResourcesBuildPhase section */

/* Begin PBXSourcesBuildPhase section */
		4C2ECC422C6AD6CA000D3C2B /* Sources */ = {
			isa = PBXSourcesBuildPhase;
			buildActionMask = 2147483647;
			files = (
				4C2ECC5D2C6AD72A000D3C2B /* Custom_Style_TextField_1.swift in Sources */,
				4C2ECC502C6AD6CA000D3C2B /* ContentView.swift in Sources */,
				4C2ECC612C6AE76A000D3C2B /* Modifier_Test_1.swift in Sources */,
				4C2ECC662C6AE7C3000D3C2B /* Modifier-1.swift in Sources */,
				4C2ECC4E2C6AD6CA000D3C2B /* ViewModifierApp.swift in Sources */,
			);
			runOnlyForDeploymentPostprocessing = 0;
		};
/* End PBXSourcesBuildPhase section */

/* Begin XCBuildConfiguration section */
		4C2ECC572C6AD6CB000D3C2B /* Debug */ = {
			isa = XCBuildConfiguration;
			buildSettings = {
				ALWAYS_SEARCH_USER_PATHS = NO;
				ASSETCATALOG_COMPILER_GENERATE_SWIFT_ASSET_SYMBOL_EXTENSIONS = YES;
				CLANG_ANALYZER_NONNULL = YES;
				CLANG_ANALYZER_NUMBER_OBJECT_CONVERSION = YES_AGGRESSIVE;
				CLANG_CXX_LANGUAGE_STANDARD = "gnu++20";
				CLANG_ENABLE_MODULES = YES;
				CLANG_ENABLE_OBJC_ARC = YES;
				CLANG_ENABLE_OBJC_WEAK = YES;
				CLANG_WARN_BLOCK_CAPTURE_AUTORELEASING = YES;
				CLANG_WARN_BOOL_CONVERSION = YES;
				CLANG_WARN_COMMA = YES;
				CLANG_WARN_CONSTANT_CONVERSION = YES;
				CLANG_WARN_DEPRECATED_OBJC_IMPLEMENTATIONS = YES;
				CLANG_WARN_DIRECT_OBJC_ISA_USAGE = YES_ERROR;
				CLANG_WARN_DOCUMENTATION_COMMENTS = YES;
				CLANG_WARN_EMPTY_BODY = YES;
				CLANG_WARN_ENUM_CONVERSION = YES;
				CLANG_WARN_INFINITE_RECURSION = YES;
				CLANG_WARN_INT_CONVERSION = YES;
				CLANG_WARN_NON_LITERAL_NULL_CONVERSION = YES;
				CLANG_WARN_OBJC_IMPLICIT_RETAIN_SELF = YES;
				CLANG_WARN_OBJC_LITERAL_CONVERSION = YES;
				CLANG_WARN_OBJC_ROOT_CLASS = YES_ERROR;
				CLANG_WARN_QUOTED_INCLUDE_IN_FRAMEWORK_HEADER = YES;
				CLANG_WARN_RANGE_LOOP_ANALYSIS = YES;
				CLANG_WARN_STRICT_PROTOTYPES = YES;
				CLANG_WARN_SUSPICIOUS_MOVE = YES;
				CLANG_WARN_UNGUARDED_AVAILABILITY = YES_AGGRESSIVE;
				CLANG_WARN_UNREACHABLE_CODE = YES;
				CLANG_WARN__DUPLICATE_METHOD_MATCH = YES;
				COPY_PHASE_STRIP = NO;
				DEBUG_INFORMATION_FORMAT = dwarf;
				ENABLE_STRICT_OBJC_MSGSEND = YES;
				ENABLE_TESTABILITY = YES;
				ENABLE_USER_SCRIPT_SANDBOXING = YES;
				GCC_C_LANGUAGE_STANDARD = gnu17;
				GCC_DYNAMIC_NO_PIC = NO;
				GCC_NO_COMMON_BLOCKS = YES;
				GCC_OPTIMIZATION_LEVEL = 0;
				GCC_PREPROCESSOR_DEFINITIONS = (
					"DEBUG=1",
					"$(inherited)",
				);
				GCC_WARN_64_TO_32_BIT_CONVERSION = YES;
				GCC_WARN_ABOUT_RETURN_TYPE = YES_ERROR;
				GCC_WARN_UNDECLARED_SELECTOR = YES;
				GCC_WARN_UNINITIALIZED_AUTOS = YES_AGGRESSIVE;
				GCC_WARN_UNUSED_FUNCTION = YES;
				GCC_WARN_UNUSED_VARIABLE = YES;
				LOCALIZATION_PREFERS_STRING_CATALOGS = YES;
				MTL_ENABLE_DEBUG_INFO = INCLUDE_SOURCE;
				MTL_FAST_MATH = YES;
				ONLY_ACTIVE_ARCH = YES;
				SDKROOT = xros;
				SWIFT_ACTIVE_COMPILATION_CONDITIONS = "DEBUG $(inherited)";
				SWIFT_OPTIMIZATION_LEVEL = "-Onone";
				XROS_DEPLOYMENT_TARGET = 1.2;
			};
			name = Debug;
		};
		4C2ECC582C6AD6CB000D3C2B /* Release */ = {
			isa = XCBuildConfiguration;
			buildSettings = {
				ALWAYS_SEARCH_USER_PATHS = NO;
				ASSETCATALOG_COMPILER_GENERATE_SWIFT_ASSET_SYMBOL_EXTENSIONS = YES;
				CLANG_ANALYZER_NONNULL = YES;
				CLANG_ANALYZER_NUMBER_OBJECT_CONVERSION = YES_AGGRESSIVE;
				CLANG_CXX_LANGUAGE_STANDARD = "gnu++20";
				CLANG_ENABLE_MODULES = YES;
				CLANG_ENABLE_OBJC_ARC = YES;
				CLANG_ENABLE_OBJC_WEAK = YES;
				CLANG_WARN_BLOCK_CAPTURE_AUTORELEASING = YES;
				CLANG_WARN_BOOL_CONVERSION = YES;
				CLANG_WARN_COMMA = YES;
				CLANG_WARN_CONSTANT_CONVERSION = YES;
				CLANG_WARN_DEPRECATED_OBJC_IMPLEMENTATIONS = YES;
				CLANG_WARN_DIRECT_OBJC_ISA_USAGE = YES_ERROR;
				CLANG_WARN_DOCUMENTATION_COMMENTS = YES;
				CLANG_WARN_EMPTY_BODY = YES;
				CLANG_WARN_ENUM_CONVERSION = YES;
				CLANG_WARN_INFINITE_RECURSION = YES;
				CLANG_WARN_INT_CONVERSION = YES;
				CLANG_WARN_NON_LITERAL_NULL_CONVERSION = YES;
				CLANG_WARN_OBJC_IMPLICIT_RETAIN_SELF = YES;
				CLANG_WARN_OBJC_LITERAL_CONVERSION = YES;
				CLANG_WARN_OBJC_ROOT_CLASS = YES_ERROR;
				CLANG_WARN_QUOTED_INCLUDE_IN_FRAMEWORK_HEADER = YES;
				CLANG_WARN_RANGE_LOOP_ANALYSIS = YES;
				CLANG_WARN_STRICT_PROTOTYPES = YES;
				CLANG_WARN_SUSPICIOUS_MOVE = YES;
				CLANG_WARN_UNGUARDED_AVAILABILITY = YES_AGGRESSIVE;
				CLANG_WARN_UNREACHABLE_CODE = YES;
				CLANG_WARN__DUPLICATE_METHOD_MATCH = YES;
				COPY_PHASE_STRIP = NO;
				DEBUG_INFORMATION_FORMAT = "dwarf-with-dsym";
				ENABLE_NS_ASSERTIONS = NO;
				ENABLE_STRICT_OBJC_MSGSEND = YES;
				ENABLE_USER_SCRIPT_SANDBOXING = YES;
				GCC_C_LANGUAGE_STANDARD = gnu17;
				GCC_NO_COMMON_BLOCKS = YES;
				GCC_WARN_64_TO_32_BIT_CONVERSION = YES;
				GCC_WARN_ABOUT_RETURN_TYPE = YES_ERROR;
				GCC_WARN_UNDECLARED_SELECTOR = YES;
				GCC_WARN_UNINITIALIZED_AUTOS = YES_AGGRESSIVE;
				GCC_WARN_UNUSED_FUNCTION = YES;
				GCC_WARN_UNUSED_VARIABLE = YES;
				LOCALIZATION_PREFERS_STRING_CATALOGS = YES;
				MTL_ENABLE_DEBUG_INFO = NO;
				MTL_FAST_MATH = YES;
				SDKROOT = xros;
				SWIFT_COMPILATION_MODE = wholemodule;
				VALIDATE_PRODUCT = YES;
				XROS_DEPLOYMENT_TARGET = 1.2;
			};
			name = Release;
		};
		4C2ECC5A2C6AD6CB000D3C2B /* Debug */ = {
			isa = XCBuildConfiguration;
			buildSettings = {
				ASSETCATALOG_COMPILER_APPICON_NAME = AppIcon;
				ASSETCATALOG_COMPILER_GLOBAL_ACCENT_COLOR_NAME = AccentColor;
				CODE_SIGN_STYLE = Automatic;
				CURRENT_PROJECT_VERSION = 1;
				DEVELOPMENT_ASSET_PATHS = "\"ViewModifier/Preview Content\"";
				DEVELOPMENT_TEAM = YRUVCLSPXW;
				ENABLE_PREVIEWS = YES;
				GENERATE_INFOPLIST_FILE = YES;
				INFOPLIST_FILE = "$(TARGET_NAME)/Info.plist";
				LD_RUNPATH_SEARCH_PATHS = (
					"$(inherited)",
					"@executable_path/Frameworks",
				);
				MARKETING_VERSION = 1.0;
				PRODUCT_BUNDLE_IDENTIFIER = "Dijital-Human.ViewModifier";
				PRODUCT_NAME = "$(TARGET_NAME)";
				SUPPORTED_PLATFORMS = "xros xrsimulator";
				SWIFT_EMIT_LOC_STRINGS = YES;
				SWIFT_VERSION = 5.0;
				TARGETED_DEVICE_FAMILY = "1,2,7";
			};
			name = Debug;
		};
		4C2ECC5B2C6AD6CB000D3C2B /* Release */ = {
			isa = XCBuildConfiguration;
			buildSettings = {
				ASSETCATALOG_COMPILER_APPICON_NAME = AppIcon;
				ASSETCATALOG_COMPILER_GLOBAL_ACCENT_COLOR_NAME = AccentColor;
				CODE_SIGN_STYLE = Automatic;
				CURRENT_PROJECT_VERSION = 1;
				DEVELOPMENT_ASSET_PATHS = "\"ViewModifier/Preview Content\"";
				DEVELOPMENT_TEAM = YRUVCLSPXW;
				ENABLE_PREVIEWS = YES;
				GENERATE_INFOPLIST_FILE = YES;
				INFOPLIST_FILE = "$(TARGET_NAME)/Info.plist";
				LD_RUNPATH_SEARCH_PATHS = (
					"$(inherited)",
					"@executable_path/Frameworks",
				);
				MARKETING_VERSION = 1.0;
				PRODUCT_BUNDLE_IDENTIFIER = "Dijital-Human.ViewModifier";
				PRODUCT_NAME = "$(TARGET_NAME)";
				SUPPORTED_PLATFORMS = "xros xrsimulator";
				SWIFT_EMIT_LOC_STRINGS = YES;
				SWIFT_VERSION = 5.0;
				TARGETED_DEVICE_FAMILY = "1,2,7";
			};
			name = Release;
		};
/* End XCBuildConfiguration section */

/* Begin XCConfigurationList section */
		4C2ECC412C6AD6CA000D3C2B /* Build configuration list for PBXProject "ViewModifier" */ = {
			isa = XCConfigurationList;
			buildConfigurations = (
				4C2ECC572C6AD6CB000D3C2B /* Debug */,
				4C2ECC582C6AD6CB000D3C2B /* Release */,
			);
			defaultConfigurationIsVisible = 0;
			defaultConfigurationName = Release;
		};
		4C2ECC592C6AD6CB000D3C2B /* Build configuration list for PBXNativeTarget "ViewModifier" */ = {
			isa = XCConfigurationList;
			buildConfigurations = (
				4C2ECC5A2C6AD6CB000D3C2B /* Debug */,
				4C2ECC5B2C6AD6CB000D3C2B /* Release */,
			);
			defaultConfigurationIsVisible = 0;
			defaultConfigurationName = Release;
		};
/* End XCConfigurationList section */

/* Begin XCSwiftPackageProductDependency section */
		4C2ECC4B2C6AD6CA000D3C2B /* RealityKitContent */ = {
			isa = XCSwiftPackageProductDependency;
			productName = RealityKitContent;
		};
/* End XCSwiftPackageProductDependency section */
	};
	rootObject = 4C2ECC3E2C6AD6CA000D3C2B /* Project object */;
}
